// !$*UTF8*$!
{
	archiveVersion = 1;
	classes = {
	};
	objectVersion = 52;
	objects = {

/* Begin PBXBuildFile section */
		9268FF7F279F7E6D004E2FF2 /* AppDelegate.swift in Sources */ = {isa = PBXBuildFile; fileRef = 9268FF7E279F7E6D004E2FF2 /* AppDelegate.swift */; };
		9268FF81279F7E6D004E2FF2 /* SceneDelegate.swift in Sources */ = {isa = PBXBuildFile; fileRef = 9268FF80279F7E6D004E2FF2 /* SceneDelegate.swift */; };
		9268FF88279F7E73004E2FF2 /* Assets.xcassets in Resources */ = {isa = PBXBuildFile; fileRef = 9268FF87279F7E73004E2FF2 /* Assets.xcassets */; };
		9268FF8B279F7E73004E2FF2 /* LaunchScreen.storyboard in Resources */ = {isa = PBXBuildFile; fileRef = 9268FF89279F7E73004E2FF2 /* LaunchScreen.storyboard */; };
		9268FF93279F7FD9004E2FF2 /* HomeViewController.swift in Sources */ = {isa = PBXBuildFile; fileRef = 9268FF92279F7FD9004E2FF2 /* HomeViewController.swift */; };
		9268FF96279F85A2004E2FF2 /* SnapKit in Frameworks */ = {isa = PBXBuildFile; productRef = 9268FF95279F85A2004E2FF2 /* SnapKit */; };
		9268FF98279F898A004E2FF2 /* Content.plist in Resources */ = {isa = PBXBuildFile; fileRef = 9268FF97279F898A004E2FF2 /* Content.plist */; };
		9268FF9A279F89E4004E2FF2 /* Content.swift in Sources */ = {isa = PBXBuildFile; fileRef = 9268FF99279F89E4004E2FF2 /* Content.swift */; };
		9268FF9C279F951E004E2FF2 /* ContentCollectionViewCell.swift in Sources */ = {isa = PBXBuildFile; fileRef = 9268FF9B279F951D004E2FF2 /* ContentCollectionViewCell.swift */; };
		9268FF9E279FB172004E2FF2 /* ContentCollectionViewHeader.swift in Sources */ = {isa = PBXBuildFile; fileRef = 9268FF9D279FB172004E2FF2 /* ContentCollectionViewHeader.swift */; };
		92926931279FD2D40027562D /* ContentCollectionViewRankCell.swift in Sources */ = {isa = PBXBuildFile; fileRef = 92926930279FD2D40027562D /* ContentCollectionViewRankCell.swift */; };
		92926935279FD8A60027562D /* ContentCollectionViewMainCell.swift in Sources */ = {isa = PBXBuildFile; fileRef = 92926934279FD8A60027562D /* ContentCollectionViewMainCell.swift */; };
		92926937279FE9CE0027562D /* README.md in Resources */ = {isa = PBXBuildFile; fileRef = 92926936279FE9CE0027562D /* README.md */; };
/* End PBXBuildFile section */

/* Begin PBXFileReference section */
		9268FF7B279F7E6D004E2FF2 /* NetflixStyleSampleApp.app */ = {isa = PBXFileReference; explicitFileType = wrapper.application; includeInIndex = 0; path = NetflixStyleSampleApp.app; sourceTree = BUILT_PRODUCTS_DIR; };
		9268FF7E279F7E6D004E2FF2 /* AppDelegate.swift */ = {isa = PBXFileReference; lastKnownFileType = sourcecode.swift; path = AppDelegate.swift; sourceTree = "<group>"; };
		9268FF80279F7E6D004E2FF2 /* SceneDelegate.swift */ = {isa = PBXFileReference; lastKnownFileType = sourcecode.swift; path = SceneDelegate.swift; sourceTree = "<group>"; };
		9268FF87279F7E73004E2FF2 /* Assets.xcassets */ = {isa = PBXFileReference; lastKnownFileType = folder.assetcatalog; path = Assets.xcassets; sourceTree = "<group>"; };
		9268FF8A279F7E73004E2FF2 /* Base */ = {isa = PBXFileReference; lastKnownFileType = file.storyboard; name = Base; path = Base.lproj/LaunchScreen.storyboard; sourceTree = "<group>"; };
		9268FF8C279F7E73004E2FF2 /* Info.plist */ = {isa = PBXFileReference; lastKnownFileType = text.plist.xml; path = Info.plist; sourceTree = "<group>"; };
		9268FF92279F7FD9004E2FF2 /* HomeViewController.swift */ = {isa = PBXFileReference; lastKnownFileType = sourcecode.swift; path = HomeViewController.swift; sourceTree = "<group>"; };
		9268FF97279F898A004E2FF2 /* Content.plist */ = {isa = PBXFileReference; fileEncoding = 4; lastKnownFileType = text.plist.xml; path = Content.plist; sourceTree = "<group>"; };
		9268FF99279F89E4004E2FF2 /* Content.swift */ = {isa = PBXFileReference; lastKnownFileType = sourcecode.swift; path = Content.swift; sourceTree = "<group>"; };
		9268FF9B279F951D004E2FF2 /* ContentCollectionViewCell.swift */ = {isa = PBXFileReference; lastKnownFileType = sourcecode.swift; path = ContentCollectionViewCell.swift; sourceTree = "<group>"; };
		9268FF9D279FB172004E2FF2 /* ContentCollectionViewHeader.swift */ = {isa = PBXFileReference; lastKnownFileType = sourcecode.swift; path = ContentCollectionViewHeader.swift; sourceTree = "<group>"; };
		92926930279FD2D40027562D /* ContentCollectionViewRankCell.swift */ = {isa = PBXFileReference; lastKnownFileType = sourcecode.swift; path = ContentCollectionViewRankCell.swift; sourceTree = "<group>"; };
		92926934279FD8A60027562D /* ContentCollectionViewMainCell.swift */ = {isa = PBXFileReference; lastKnownFileType = sourcecode.swift; path = ContentCollectionViewMainCell.swift; sourceTree = "<group>"; };
		92926936279FE9CE0027562D /* README.md */ = {isa = PBXFileReference; lastKnownFileType = net.daringfireball.markdown; path = README.md; sourceTree = "<group>"; };
/* End PBXFileReference section */

/* Begin PBXFrameworksBuildPhase section */
		9268FF78279F7E6D004E2FF2 /* Frameworks */ = {
			isa = PBXFrameworksBuildPhase;
			buildActionMask = 2147483647;
			files = (
				9268FF96279F85A2004E2FF2 /* SnapKit in Frameworks */,
			);
			runOnlyForDeploymentPostprocessing = 0;
		};
/* End PBXFrameworksBuildPhase section */

/* Begin PBXGroup section */
		9268FF72279F7E6D004E2FF2 = {
			isa = PBXGroup;
			children = (
				92926936279FE9CE0027562D /* README.md */,
				9268FF7D279F7E6D004E2FF2 /* NetflixStyleSampleApp */,
				9268FF7C279F7E6D004E2FF2 /* Products */,
			);
			sourceTree = "<group>";
		};
		9268FF7C279F7E6D004E2FF2 /* Products */ = {
			isa = PBXGroup;
			children = (
				9268FF7B279F7E6D004E2FF2 /* NetflixStyleSampleApp.app */,
			);
			name = Products;
			sourceTree = "<group>";
		};
		9268FF7D279F7E6D004E2FF2 /* NetflixStyleSampleApp */ = {
			isa = PBXGroup;
			children = (
				9268FF7E279F7E6D004E2FF2 /* AppDelegate.swift */,
				9268FF80279F7E6D004E2FF2 /* SceneDelegate.swift */,
				9268FF87279F7E73004E2FF2 /* Assets.xcassets */,
				9268FF89279F7E73004E2FF2 /* LaunchScreen.storyboard */,
				9268FF8C279F7E73004E2FF2 /* Info.plist */,
				9268FF97279F898A004E2FF2 /* Content.plist */,
				9268FF92279F7FD9004E2FF2 /* HomeViewController.swift */,
				9268FF99279F89E4004E2FF2 /* Content.swift */,
				9268FF9B279F951D004E2FF2 /* ContentCollectionViewCell.swift */,
				9268FF9D279FB172004E2FF2 /* ContentCollectionViewHeader.swift */,
				92926930279FD2D40027562D /* ContentCollectionViewRankCell.swift */,
				92926934279FD8A60027562D /* ContentCollectionViewMainCell.swift */,
			);
			path = NetflixStyleSampleApp;
			sourceTree = "<group>";
		};
/* End PBXGroup section */

/* Begin PBXNativeTarget section */
		9268FF7A279F7E6D004E2FF2 /* NetflixStyleSampleApp */ = {
			isa = PBXNativeTarget;
			buildConfigurationList = 9268FF8F279F7E73004E2FF2 /* Build configuration list for PBXNativeTarget "NetflixStyleSampleApp" */;
			buildPhases = (
				9268FF77279F7E6D004E2FF2 /* Sources */,
				9268FF78279F7E6D004E2FF2 /* Frameworks */,
				9268FF79279F7E6D004E2FF2 /* Resources */,
			);
			buildRules = (
			);
			dependencies = (
			);
			name = NetflixStyleSampleApp;
			packageProductDependencies = (
				9268FF95279F85A2004E2FF2 /* SnapKit */,
			);
			productName = NetflixStyleSampleApp;
			productReference = 9268FF7B279F7E6D004E2FF2 /* NetflixStyleSampleApp.app */;
			productType = "com.apple.product-type.application";
		};
/* End PBXNativeTarget section */

/* Begin PBXProject section */
		9268FF73279F7E6D004E2FF2 /* Project object */ = {
			isa = PBXProject;
			attributes = {
				LastSwiftUpdateCheck = 1250;
				LastUpgradeCheck = 1250;
				TargetAttributes = {
					9268FF7A279F7E6D004E2FF2 = {
						CreatedOnToolsVersion = 12.5.1;
					};
				};
			};
			buildConfigurationList = 9268FF76279F7E6D004E2FF2 /* Build configuration list for PBXProject "NetflixStyleSampleApp" */;
			compatibilityVersion = "Xcode 9.3";
			developmentRegion = en;
			hasScannedForEncodings = 0;
			knownRegions = (
				en,
				Base,
			);
			mainGroup = 9268FF72279F7E6D004E2FF2;
			packageReferences = (
				9268FF94279F85A2004E2FF2 /* XCRemoteSwiftPackageReference "SnapKit" */,
			);
			productRefGroup = 9268FF7C279F7E6D004E2FF2 /* Products */;
			projectDirPath = "";
			projectRoot = "";
			targets = (
				9268FF7A279F7E6D004E2FF2 /* NetflixStyleSampleApp */,
			);
		};
/* End PBXProject section */

/* Begin PBXResourcesBuildPhase section */
		9268FF79279F7E6D004E2FF2 /* Resources */ = {
			isa = PBXResourcesBuildPhase;
			buildActionMask = 2147483647;
			files = (
				9268FF8B279F7E73004E2FF2 /* LaunchScreen.storyboard in Resources */,
				9268FF88279F7E73004E2FF2 /* Assets.xcassets in Resources */,
				92926937279FE9CE0027562D /* README.md in Resources */,
				9268FF98279F898A004E2FF2 /* Content.plist in Resources */,
			);
			runOnlyForDeploymentPostprocessing = 0;
		};
/* End PBXResourcesBuildPhase section */

/* Begin PBXSourcesBuildPhase section */
		9268FF77279F7E6D004E2FF2 /* Sources */ = {
			isa = PBXSourcesBuildPhase;
			buildActionMask = 2147483647;
			files = (
				9268FF7F279F7E6D004E2FF2 /* AppDelegate.swift in Sources */,
				9268FF9E279FB172004E2FF2 /* ContentCollectionViewHeader.swift in Sources */,
				9268FF81279F7E6D004E2FF2 /* SceneDelegate.swift in Sources */,
				92926931279FD2D40027562D /* ContentCollectionViewRankCell.swift in Sources */,
				9268FF93279F7FD9004E2FF2 /* HomeViewController.swift in Sources */,
				92926935279FD8A60027562D /* ContentCollectionViewMainCell.swift in Sources */,
				9268FF9A279F89E4004E2FF2 /* Content.swift in Sources */,
				9268FF9C279F951E004E2FF2 /* ContentCollectionViewCell.swift in Sources */,
			);
			runOnlyForDeploymentPostprocessing = 0;
		};
/* End PBXSourcesBuildPhase section */

/* Begin PBXVariantGroup section */
		9268FF89279F7E73004E2FF2 /* LaunchScreen.storyboard */ = {
			isa = PBXVariantGroup;
			children = (
				9268FF8A279F7E73004E2FF2 /* Base */,
			);
			name = LaunchScreen.storyboard;
			sourceTree = "<group>";
		};
/* End PBXVariantGroup section */

/* Begin XCBuildConfiguration section */
		9268FF8D279F7E73004E2FF2 /* Debug */ = {
			isa = XCBuildConfiguration;
			buildSettings = {
				ALWAYS_SEARCH_USER_PATHS = NO;
				CLANG_ANALYZER_NONNULL = YES;
				CLANG_ANALYZER_NUMBER_OBJECT_CONVERSION = YES_AGGRESSIVE;
				CLANG_CXX_LANGUAGE_STANDARD = "gnu++14";
				CLANG_CXX_LIBRARY = "libc++";
				CLANG_ENABLE_MODULES = YES;
				CLANG_ENABLE_OBJC_ARC = YES;
				CLANG_ENABLE_OBJC_WEAK = YES;
				CLANG_WARN_BLOCK_CAPTURE_AUTORELEASING = YES;
				CLANG_WARN_BOOL_CONVERSION = YES;
				CLANG_WARN_COMMA = YES;
				CLANG_WARN_CONSTANT_CONVERSION = YES;
				CLANG_WARN_DEPRECATED_OBJC_IMPLEMENTATIONS = YES;
				CLANG_WARN_DIRECT_OBJC_ISA_USAGE = YES_ERROR;
				CLANG_WARN_DOCUMENTATION_COMMENTS = YES;
				CLANG_WARN_EMPTY_BODY = YES;
				CLANG_WARN_ENUM_CONVERSION = YES;
				CLANG_WARN_INFINITE_RECURSION = YES;
				CLANG_WARN_INT_CONVERSION = YES;
				CLANG_WARN_NON_LITERAL_NULL_CONVERSION = YES;
				CLANG_WARN_OBJC_IMPLICIT_RETAIN_SELF = YES;
				CLANG_WARN_OBJC_LITERAL_CONVERSION = YES;
				CLANG_WARN_OBJC_ROOT_CLASS = YES_ERROR;
				CLANG_WARN_QUOTED_INCLUDE_IN_FRAMEWORK_HEADER = YES;
				CLANG_WARN_RANGE_LOOP_ANALYSIS = YES;
				CLANG_WARN_STRICT_PROTOTYPES = YES;
				CLANG_WARN_SUSPICIOUS_MOVE = YES;
				CLANG_WARN_UNGUARDED_AVAILABILITY = YES_AGGRESSIVE;
				CLANG_WARN_UNREACHABLE_CODE = YES;
				CLANG_WARN__DUPLICATE_METHOD_MATCH = YES;
				COPY_PHASE_STRIP = NO;
				DEBUG_INFORMATION_FORMAT = dwarf;
				ENABLE_STRICT_OBJC_MSGSEND = YES;
				ENABLE_TESTABILITY = YES;
				GCC_C_LANGUAGE_STANDARD = gnu11;
				GCC_DYNAMIC_NO_PIC = NO;
				GCC_NO_COMMON_BLOCKS = YES;
				GCC_OPTIMIZATION_LEVEL = 0;
				GCC_PREPROCESSOR_DEFINITIONS = (
					"DEBUG=1",
					"$(inherited)",
				);
				GCC_WARN_64_TO_32_BIT_CONVERSION = YES;
				GCC_WARN_ABOUT_RETURN_TYPE = YES_ERROR;
				GCC_WARN_UNDECLARED_SELECTOR = YES;
				GCC_WARN_UNINITIALIZED_AUTOS = YES_AGGRESSIVE;
				GCC_WARN_UNUSED_FUNCTION = YES;
				GCC_WARN_UNUSED_VARIABLE = YES;
				IPHONEOS_DEPLOYMENT_TARGET = 14.5;
				MTL_ENABLE_DEBUG_INFO = INCLUDE_SOURCE;
				MTL_FAST_MATH = YES;
				ONLY_ACTIVE_ARCH = YES;
				SDKROOT = iphoneos;
				SWIFT_ACTIVE_COMPILATION_CONDITIONS = DEBUG;
				SWIFT_OPTIMIZATION_LEVEL = "-Onone";
			};
			name = Debug;
		};
		9268FF8E279F7E73004E2FF2 /* Release */ = {
			isa = XCBuildConfiguration;
			buildSettings = {
				ALWAYS_SEARCH_USER_PATHS = NO;
				CLANG_ANALYZER_NONNULL = YES;
				CLANG_ANALYZER_NUMBER_OBJECT_CONVERSION = YES_AGGRESSIVE;
				CLANG_CXX_LANGUAGE_STANDARD = "gnu++14";
				CLANG_CXX_LIBRARY = "libc++";
				CLANG_ENABLE_MODULES = YES;
				CLANG_ENABLE_OBJC_ARC = YES;
				CLANG_ENABLE_OBJC_WEAK = YES;
				CLANG_WARN_BLOCK_CAPTURE_AUTORELEASING = YES;
				CLANG_WARN_BOOL_CONVERSION = YES;
				CLANG_WARN_COMMA = YES;
				CLANG_WARN_CONSTANT_CONVERSION = YES;
				CLANG_WARN_DEPRECATED_OBJC_IMPLEMENTATIONS = YES;
				CLANG_WARN_DIRECT_OBJC_ISA_USAGE = YES_ERROR;
				CLANG_WARN_DOCUMENTATION_COMMENTS = YES;
				CLANG_WARN_EMPTY_BODY = YES;
				CLANG_WARN_ENUM_CONVERSION = YES;
				CLANG_WARN_INFINITE_RECURSION = YES;
				CLANG_WARN_INT_CONVERSION = YES;
				CLANG_WARN_NON_LITERAL_NULL_CONVERSION = YES;
				CLANG_WARN_OBJC_IMPLICIT_RETAIN_SELF = YES;
				CLANG_WARN_OBJC_LITERAL_CONVERSION = YES;
				CLANG_WARN_OBJC_ROOT_CLASS = YES_ERROR;
				CLANG_WARN_QUOTED_INCLUDE_IN_FRAMEWORK_HEADER = YES;
				CLANG_WARN_RANGE_LOOP_ANALYSIS = YES;
				CLANG_WARN_STRICT_PROTOTYPES = YES;
				CLANG_WARN_SUSPICIOUS_MOVE = YES;
				CLANG_WARN_UNGUARDED_AVAILABILITY = YES_AGGRESSIVE;
				CLANG_WARN_UNREACHABLE_CODE = YES;
				CLANG_WARN__DUPLICATE_METHOD_MATCH = YES;
				COPY_PHASE_STRIP = NO;
				DEBUG_INFORMATION_FORMAT = "dwarf-with-dsym";
				ENABLE_NS_ASSERTIONS = NO;
				ENABLE_STRICT_OBJC_MSGSEND = YES;
				GCC_C_LANGUAGE_STANDARD = gnu11;
				GCC_NO_COMMON_BLOCKS = YES;
				GCC_WARN_64_TO_32_BIT_CONVERSION = YES;
				GCC_WARN_ABOUT_RETURN_TYPE = YES_ERROR;
				GCC_WARN_UNDECLARED_SELECTOR = YES;
				GCC_WARN_UNINITIALIZED_AUTOS = YES_AGGRESSIVE;
				GCC_WARN_UNUSED_FUNCTION = YES;
				GCC_WARN_UNUSED_VARIABLE = YES;
				IPHONEOS_DEPLOYMENT_TARGET = 14.5;
				MTL_ENABLE_DEBUG_INFO = NO;
				MTL_FAST_MATH = YES;
				SDKROOT = iphoneos;
				SWIFT_COMPILATION_MODE = wholemodule;
				SWIFT_OPTIMIZATION_LEVEL = "-O";
				VALIDATE_PRODUCT = YES;
			};
			name = Release;
		};
		9268FF90279F7E73004E2FF2 /* Debug */ = {
			isa = XCBuildConfiguration;
			buildSettings = {
				ASSETCATALOG_COMPILER_APPICON_NAME = AppIcon;
				ASSETCATALOG_COMPILER_GLOBAL_ACCENT_COLOR_NAME = AccentColor;
				CODE_SIGN_STYLE = Automatic;
				DEVELOPMENT_TEAM = XJA7283JV3;
				INFOPLIST_FILE = NetflixStyleSampleApp/Info.plist;
				LD_RUNPATH_SEARCH_PATHS = (
					"$(inherited)",
					"@executable_path/Frameworks",
				);
				PRODUCT_BUNDLE_IDENTIFIER = com.fastcampus.NetflixStyleSampleApp;
				PRODUCT_NAME = "$(TARGET_NAME)";
				SWIFT_VERSION = 5.0;
				TARGETED_DEVICE_FAMILY = "1,2";
			};
			name = Debug;
		};
		9268FF91279F7E73004E2FF2 /* Release */ = {
			isa = XCBuildConfiguration;
			buildSettings = {
				ASSETCATALOG_COMPILER_APPICON_NAME = AppIcon;
				ASSETCATALOG_COMPILER_GLOBAL_ACCENT_COLOR_NAME = AccentColor;
				CODE_SIGN_STYLE = Automatic;
				DEVELOPMENT_TEAM = XJA7283JV3;
				INFOPLIST_FILE = NetflixStyleSampleApp/Info.plist;
				LD_RUNPATH_SEARCH_PATHS = (
					"$(inherited)",
					"@executable_path/Frameworks",
				);
				PRODUCT_BUNDLE_IDENTIFIER = com.fastcampus.NetflixStyleSampleApp;
				PRODUCT_NAME = "$(TARGET_NAME)";
				SWIFT_VERSION = 5.0;
				TARGETED_DEVICE_FAMILY = "1,2";
			};
			name = Release;
		};
/* End XCBuildConfiguration section */

/* Begin XCConfigurationList section */
		9268FF76279F7E6D004E2FF2 /* Build configuration list for PBXProject "NetflixStyleSampleApp" */ = {
			isa = XCConfigurationList;
			buildConfigurations = (
				9268FF8D279F7E73004E2FF2 /* Debug */,
				9268FF8E279F7E73004E2FF2 /* Release */,
			);
			defaultConfigurationIsVisible = 0;
			defaultConfigurationName = Release;
		};
		9268FF8F279F7E73004E2FF2 /* Build configuration list for PBXNativeTarget "NetflixStyleSampleApp" */ = {
			isa = XCConfigurationList;
			buildConfigurations = (
				9268FF90279F7E73004E2FF2 /* Debug */,
				9268FF91279F7E73004E2FF2 /* Release */,
			);
			defaultConfigurationIsVisible = 0;
			defaultConfigurationName = Release;
		};
/* End XCConfigurationList section */

/* Begin XCRemoteSwiftPackageReference section */
		9268FF94279F85A2004E2FF2 /* XCRemoteSwiftPackageReference "SnapKit" */ = {
			isa = XCRemoteSwiftPackageReference;
			repositoryURL = "https://github.com/SnapKit/SnapKit.git";
			requirement = {
				kind = upToNextMajorVersion;
				minimumVersion = 5.0.1;
			};
		};
/* End XCRemoteSwiftPackageReference section */

/* Begin XCSwiftPackageProductDependency section */
		9268FF95279F85A2004E2FF2 /* SnapKit */ = {
			isa = XCSwiftPackageProductDependency;
			package = 9268FF94279F85A2004E2FF2 /* XCRemoteSwiftPackageReference "SnapKit" */;
			productName = SnapKit;
		};
/* End XCSwiftPackageProductDependency section */
	};
	rootObject = 9268FF73279F7E6D004E2FF2 /* Project object */;
}
